<?xml version="1.0" encoding="utf-8"?>
<Project ToolsVersion="4.0" xmlns="http://schemas.microsoft.com/developer/msbuild/2003">
  <ItemGroup>
    <Filter Include="Header Files">
      <UniqueIdentifier>{93995380-89BD-4b04-88EB-625FBE52EBFB}</UniqueIdentifier>
      <Extensions>h;hpp;hxx;hm;inl;inc;xsd</Extensions>
    </Filter>
    <Filter Include="C++ Files">
      <UniqueIdentifier>{4FC737F1-C7A5-4376-A066-2A32D752A2FF}</UniqueIdentifier>
      <Extensions>cpp;c;cc;cxx;def;odl;idl;hpj;bat;asm;asmx</Extensions>
    </Filter>
  </ItemGroup>
  <ItemGroup>
    <ClInclude Include="..\..\Common\Headers\CanvasDescription.hpp">
      <Filter>Header Files</Filter>
    </ClInclude>
    <ClInclude Include="..\..\Common\Headers\GraphicsAdapter.hpp">
      <Filter>Header Files</Filter>
    </ClInclude>
    <ClInclude Include="..\..\Common\Headers\Renderer.hpp">
      <Filter>Header Files</Filter>
    </ClInclude>
    <ClInclude Include="..\..\Common\Headers\RenderTypes.hpp">
      <Filter>Header Files</Filter>
    </ClInclude>
    <ClInclude Include="Headers\RenderTypes_Windows_x86.hpp">
      <Filter>Header Files</Filter>
    </ClInclude>
    <ClInclude Include="..\..\Common\Headers\Model.hpp">
      <Filter>Header Files</Filter>
    </ClInclude>
    <ClInclude Include="..\..\Common\Headers\ModelStructs.hpp">
      <Filter>Header Files</Filter>
    </ClInclude>
    <ClInclude Include="..\..\Common\Headers\Camera.hpp">
      <Filter>Header Files</Filter>
    </ClInclude>
    <ClInclude Include="Headers\WindowsRendererOGL3.hpp">
      <Filter>Header Files</Filter>
    </ClInclude>
    <ClInclude Include="..\..\Common\Headers\Shader.hpp">
      <Filter>Header Files</Filter>
    </ClInclude>
    <ClInclude Include="Headers\GLShader.hpp">
      <Filter>Header Files</Filter>
    </ClInclude>
    <ClInclude Include="..\..\Common\Headers\Texture.hpp">
      <Filter>Header Files</Filter>
    </ClInclude>
    <ClInclude Include="..\..\Common\Headers\Font.hpp">
      <Filter>Header Files</Filter>
    </ClInclude>
    <ClInclude Include="..\..\Common\Headers\Text.hpp">
      <Filter>Header Files</Filter>
    </ClInclude>
    <ClInclude Include="Headers\WindowsRendererOGL2.hpp">
      <Filter>Header Files</Filter>
    </ClInclude>
    <ClInclude Include="..\..\Common\Headers\GLExtender.hpp">
      <Filter>Header Files</Filter>
    </ClInclude>
    <ClInclude Include="..\..\Common\Headers\GLModel.hpp">
      <Filter>Header Files</Filter>
    </ClInclude>
    <ClInclude Include="..\..\Common\Headers\GLVertexCache.hpp">
      <Filter>Header Files</Filter>
    </ClInclude>
    <ClInclude Include="..\..\Common\Headers\GLVertexCacheManager.hpp">
      <Filter>Header Files</Filter>
    </ClInclude>
    <ClInclude Include="..\..\Common\Headers\VertexCache.hpp">
      <Filter>Header Files</Filter>
    </ClInclude>
    <ClInclude Include="..\..\Common\Headers\VertexCacheManager.hpp">
      <Filter>Header Files</Filter>
    </ClInclude>
  </ItemGroup>
  <ItemGroup>
    <ClCompile Include="Source\CanvasDescription.cpp">
      <Filter>C++ Files</Filter>
    </ClCompile>
    <ClCompile Include="Source\ModelStructs.cpp">
      <Filter>C++ Files</Filter>
    </ClCompile>
    <ClCompile Include="Source\WindowsRendererOGL3.cpp">
      <Filter>C++ Files</Filter>
    </ClCompile>
    <ClCompile Include="Source\Camera.cpp">
      <Filter>C++ Files</Filter>
    </ClCompile>
    <ClCompile Include="Source\GLShader.cpp">
      <Filter>C++ Files</Filter>
    </ClCompile>
    <ClCompile Include="Source\Texture.cpp">
      <Filter>C++ Files</Filter>
    </ClCompile>
    <ClCompile Include="Font.cpp">
      <Filter>C++ Files</Filter>
    </ClCompile>
    <ClCompile Include="Source\WindowsRendererOGL2.cpp">
      <Filter>C++ Files</Filter>
    </ClCompile>
    <ClCompile Include="Source\GLModel.cpp">
      <Filter>C++ Files</Filter>
    </ClCompile>
    <ClCompile Include="Source\GLExtender.cpp">
      <Filter>C++ Files</Filter>
    </ClCompile>
    <ClCompile Include="Source\GLVertexCacheManager.cpp">
      <Filter>C++ Files</Filter>
    </ClCompile>
    <ClCompile Include="Source\GLVertexCache.cpp">
      <Filter>C++ Files</Filter>
    </ClCompile>
  </ItemGroup>
</Project>