
Microsoft Visual Studio Solution File, Format Version 11.00
# Visual Studio 2010
Project("{8BC9CEB8-8B4A-11D0-8D11-00A0C91BC942}") = "Foundation", "Foundation.vcxproj", "{C0D10D3D-AD5E-4ED9-B0B7-D0F3DC9467FE}"
EndProject
Global
	GlobalSection(SolutionConfigurationPlatforms) = preSolution
		Debug|Win32 = Debug|Win32
		Release|Win32 = Release|Win32
	EndGlobalSection
	GlobalSection(ProjectConfigurationPlatforms) = postSolution
		{C0D10D3D-AD5E-4ED9-B0B7-D0F3DC9467FE}.Debug|Win32.ActiveCfg = Debug|Win32
		{C0D10D3D-AD5E-4ED9-B0B7-D0F3DC9467FE}.Debug|Win32.Build.0 = Debug|Win32
		{C0D10D3D-AD5E-4ED9-B0B7-D0F3DC9467FE}.Release|Win32.ActiveCfg = Release|Win32
		{C0D10D3D-AD5E-4ED9-B0B7-D0F3DC9467FE}.Release|Win32.Build.0 = Release|Win32
	EndGlobalSection
	GlobalSection(SolutionProperties) = preSolution
		HideSolutionNode = FALSE
	EndGlobalSection
EndGlobal
