
Microsoft Visual Studio Solution File, Format Version 10.00
# Visual Studio 2008
Project("{FAE04EC0-301F-11D3-BF4B-00C04F79EFBC}") = "ZED_X", "ZED_X.csproj", "{DD923843-0975-42F6-8A6B-38A3F6EBF41D}"
	ProjectSection(ProjectDependencies) = postProject
		{C8BB4125-61AD-475D-B7AA-3A4F4F21D71C} = {C8BB4125-61AD-475D-B7AA-3A4F4F21D71C}
	EndProjectSection
EndProject
Project("{FAE04EC0-301F-11D3-BF4B-00C04F79EFBC}") = "ZED_W", "ZED_W.csproj", "{22EC91F1-3C86-44C6-963F-BA9FA83001C1}"
	ProjectSection(ProjectDependencies) = postProject
		{C8BB4125-61AD-475D-B7AA-3A4F4F21D71C} = {C8BB4125-61AD-475D-B7AA-3A4F4F21D71C}
	EndProjectSection
EndProject
Project("{FAE04EC0-301F-11D3-BF4B-00C04F79EFBC}") = "ZEDContent", "ZEDWorld\ZEDContent.csproj", "{C8BB4125-61AD-475D-B7AA-3A4F4F21D71C}"
EndProject
Project("{FAE04EC0-301F-11D3-BF4B-00C04F79EFBC}") = "ZEDContentDebugger", "ZEDContentDebugger\ZEDContentDebugger.csproj", "{B1379D2A-86FC-4B82-96E4-E23BA6423CC6}"
	ProjectSection(ProjectDependencies) = postProject
		{C8BB4125-61AD-475D-B7AA-3A4F4F21D71C} = {C8BB4125-61AD-475D-B7AA-3A4F4F21D71C}
		{DD923843-0975-42F6-8A6B-38A3F6EBF41D} = {DD923843-0975-42F6-8A6B-38A3F6EBF41D}
		{22EC91F1-3C86-44C6-963F-BA9FA83001C1} = {22EC91F1-3C86-44C6-963F-BA9FA83001C1}
	EndProjectSection
EndProject
Global
	GlobalSection(SolutionConfigurationPlatforms) = preSolution
		Debug|Mixed Platforms = Debug|Mixed Platforms
		Debug|x86 = Debug|x86
		Debug|Xbox 360 = Debug|Xbox 360
		Debug|Zune = Debug|Zune
		Release|Mixed Platforms = Release|Mixed Platforms
		Release|x86 = Release|x86
		Release|Xbox 360 = Release|Xbox 360
		Release|Zune = Release|Zune
	EndGlobalSection
	GlobalSection(ProjectConfigurationPlatforms) = postSolution
		{DD923843-0975-42F6-8A6B-38A3F6EBF41D}.Debug|Mixed Platforms.ActiveCfg = Debug|Xbox 360
		{DD923843-0975-42F6-8A6B-38A3F6EBF41D}.Debug|Mixed Platforms.Build.0 = Debug|Xbox 360
		{DD923843-0975-42F6-8A6B-38A3F6EBF41D}.Debug|x86.ActiveCfg = Debug|Xbox 360
		{DD923843-0975-42F6-8A6B-38A3F6EBF41D}.Debug|Xbox 360.ActiveCfg = Debug|Xbox 360
		{DD923843-0975-42F6-8A6B-38A3F6EBF41D}.Debug|Xbox 360.Build.0 = Debug|Xbox 360
		{DD923843-0975-42F6-8A6B-38A3F6EBF41D}.Debug|Zune.ActiveCfg = Debug|Xbox 360
		{DD923843-0975-42F6-8A6B-38A3F6EBF41D}.Release|Mixed Platforms.ActiveCfg = Release|Xbox 360
		{DD923843-0975-42F6-8A6B-38A3F6EBF41D}.Release|Mixed Platforms.Build.0 = Release|Xbox 360
		{DD923843-0975-42F6-8A6B-38A3F6EBF41D}.Release|x86.ActiveCfg = Release|Xbox 360
		{DD923843-0975-42F6-8A6B-38A3F6EBF41D}.Release|Xbox 360.ActiveCfg = Release|Xbox 360
		{DD923843-0975-42F6-8A6B-38A3F6EBF41D}.Release|Xbox 360.Build.0 = Release|Xbox 360
		{DD923843-0975-42F6-8A6B-38A3F6EBF41D}.Release|Zune.ActiveCfg = Release|Xbox 360
		{22EC91F1-3C86-44C6-963F-BA9FA83001C1}.Debug|Mixed Platforms.ActiveCfg = Debug|x86
		{22EC91F1-3C86-44C6-963F-BA9FA83001C1}.Debug|Mixed Platforms.Build.0 = Debug|x86
		{22EC91F1-3C86-44C6-963F-BA9FA83001C1}.Debug|x86.ActiveCfg = Debug|x86
		{22EC91F1-3C86-44C6-963F-BA9FA83001C1}.Debug|x86.Build.0 = Debug|x86
		{22EC91F1-3C86-44C6-963F-BA9FA83001C1}.Debug|Xbox 360.ActiveCfg = Debug|x86
		{22EC91F1-3C86-44C6-963F-BA9FA83001C1}.Debug|Zune.ActiveCfg = Debug|x86
		{22EC91F1-3C86-44C6-963F-BA9FA83001C1}.Release|Mixed Platforms.ActiveCfg = Release|x86
		{22EC91F1-3C86-44C6-963F-BA9FA83001C1}.Release|Mixed Platforms.Build.0 = Release|x86
		{22EC91F1-3C86-44C6-963F-BA9FA83001C1}.Release|x86.ActiveCfg = Release|x86
		{22EC91F1-3C86-44C6-963F-BA9FA83001C1}.Release|x86.Build.0 = Release|x86
		{22EC91F1-3C86-44C6-963F-BA9FA83001C1}.Release|Xbox 360.ActiveCfg = Release|x86
		{22EC91F1-3C86-44C6-963F-BA9FA83001C1}.Release|Zune.ActiveCfg = Release|x86
		{C8BB4125-61AD-475D-B7AA-3A4F4F21D71C}.Debug|Mixed Platforms.ActiveCfg = Debug|Zune
		{C8BB4125-61AD-475D-B7AA-3A4F4F21D71C}.Debug|x86.ActiveCfg = Debug|x86
		{C8BB4125-61AD-475D-B7AA-3A4F4F21D71C}.Debug|x86.Build.0 = Debug|x86
		{C8BB4125-61AD-475D-B7AA-3A4F4F21D71C}.Debug|Xbox 360.ActiveCfg = Debug|Xbox 360
		{C8BB4125-61AD-475D-B7AA-3A4F4F21D71C}.Debug|Xbox 360.Build.0 = Debug|Xbox 360
		{C8BB4125-61AD-475D-B7AA-3A4F4F21D71C}.Debug|Zune.ActiveCfg = Debug|Zune
		{C8BB4125-61AD-475D-B7AA-3A4F4F21D71C}.Release|Mixed Platforms.ActiveCfg = Release|Zune
		{C8BB4125-61AD-475D-B7AA-3A4F4F21D71C}.Release|Mixed Platforms.Build.0 = Release|Zune
		{C8BB4125-61AD-475D-B7AA-3A4F4F21D71C}.Release|x86.ActiveCfg = Release|x86
		{C8BB4125-61AD-475D-B7AA-3A4F4F21D71C}.Release|x86.Build.0 = Release|x86
		{C8BB4125-61AD-475D-B7AA-3A4F4F21D71C}.Release|Xbox 360.ActiveCfg = Release|Xbox 360
		{C8BB4125-61AD-475D-B7AA-3A4F4F21D71C}.Release|Xbox 360.Build.0 = Release|Xbox 360
		{C8BB4125-61AD-475D-B7AA-3A4F4F21D71C}.Release|Zune.ActiveCfg = Release|Zune
		{C8BB4125-61AD-475D-B7AA-3A4F4F21D71C}.Release|Zune.Build.0 = Release|Zune
		{B1379D2A-86FC-4B82-96E4-E23BA6423CC6}.Debug|Mixed Platforms.ActiveCfg = Debug|x86
		{B1379D2A-86FC-4B82-96E4-E23BA6423CC6}.Debug|Mixed Platforms.Build.0 = Debug|x86
		{B1379D2A-86FC-4B82-96E4-E23BA6423CC6}.Debug|x86.ActiveCfg = Debug|x86
		{B1379D2A-86FC-4B82-96E4-E23BA6423CC6}.Debug|x86.Build.0 = Debug|x86
		{B1379D2A-86FC-4B82-96E4-E23BA6423CC6}.Debug|Xbox 360.ActiveCfg = Debug|x86
		{B1379D2A-86FC-4B82-96E4-E23BA6423CC6}.Debug|Zune.ActiveCfg = Debug|x86
		{B1379D2A-86FC-4B82-96E4-E23BA6423CC6}.Release|Mixed Platforms.ActiveCfg = Release|x86
		{B1379D2A-86FC-4B82-96E4-E23BA6423CC6}.Release|Mixed Platforms.Build.0 = Release|x86
		{B1379D2A-86FC-4B82-96E4-E23BA6423CC6}.Release|x86.ActiveCfg = Release|x86
		{B1379D2A-86FC-4B82-96E4-E23BA6423CC6}.Release|x86.Build.0 = Release|x86
		{B1379D2A-86FC-4B82-96E4-E23BA6423CC6}.Release|Xbox 360.ActiveCfg = Release|x86
		{B1379D2A-86FC-4B82-96E4-E23BA6423CC6}.Release|Zune.ActiveCfg = Release|x86
		{3CDFFCE9-4C73-402F-8297-DA6CCA32C3B5}.Debug|Mixed Platforms.ActiveCfg = Debug|Xbox 360
		{3CDFFCE9-4C73-402F-8297-DA6CCA32C3B5}.Debug|x86.ActiveCfg = Debug|Xbox 360
		{3CDFFCE9-4C73-402F-8297-DA6CCA32C3B5}.Debug|Xbox 360.ActiveCfg = Debug|Xbox 360
		{3CDFFCE9-4C73-402F-8297-DA6CCA32C3B5}.Debug|Zune.ActiveCfg = Debug|Xbox 360
		{3CDFFCE9-4C73-402F-8297-DA6CCA32C3B5}.Release|Mixed Platforms.ActiveCfg = Release|Xbox 360
		{3CDFFCE9-4C73-402F-8297-DA6CCA32C3B5}.Release|x86.ActiveCfg = Release|Xbox 360
		{3CDFFCE9-4C73-402F-8297-DA6CCA32C3B5}.Release|Xbox 360.ActiveCfg = Release|Xbox 360
		{3CDFFCE9-4C73-402F-8297-DA6CCA32C3B5}.Release|Zune.ActiveCfg = Release|Xbox 360
		{2DDB094A-3192-4FD5-AA5A-34C55AD6F851}.Debug|Mixed Platforms.ActiveCfg = Debug|x86
		{2DDB094A-3192-4FD5-AA5A-34C55AD6F851}.Debug|x86.ActiveCfg = Debug|x86
		{2DDB094A-3192-4FD5-AA5A-34C55AD6F851}.Debug|Xbox 360.ActiveCfg = Debug|x86
		{2DDB094A-3192-4FD5-AA5A-34C55AD6F851}.Debug|Zune.ActiveCfg = Debug|x86
		{2DDB094A-3192-4FD5-AA5A-34C55AD6F851}.Release|Mixed Platforms.ActiveCfg = Release|x86
		{2DDB094A-3192-4FD5-AA5A-34C55AD6F851}.Release|x86.ActiveCfg = Release|x86
		{2DDB094A-3192-4FD5-AA5A-34C55AD6F851}.Release|Xbox 360.ActiveCfg = Release|x86
		{2DDB094A-3192-4FD5-AA5A-34C55AD6F851}.Release|Zune.ActiveCfg = Release|x86
	EndGlobalSection
	GlobalSection(SolutionProperties) = preSolution
		HideSolutionNode = FALSE
	EndGlobalSection
EndGlobal
