
Microsoft Visual Studio Solution File, Format Version 10.00
# Visual Studio 2008
Project("{FAE04EC0-301F-11D3-BF4B-00C04F79EFBC}") = "ZED_X", "ZED_X.csproj", "{2A80977F-3B6C-4E49-BAD1-99C17F34D39C}"
EndProject
Project("{FAE04EC0-301F-11D3-BF4B-00C04F79EFBC}") = "ZED_W", "ZED_W.csproj", "{F2D32F7E-4974-4472-97AC-FD63628B4BD2}"
EndProject
Global
	GlobalSection(SolutionConfigurationPlatforms) = preSolution
		Debug|Mixed Platforms = Debug|Mixed Platforms
		Debug|x86 = Debug|x86
		Debug|Xbox 360 = Debug|Xbox 360
		Release|Mixed Platforms = Release|Mixed Platforms
		Release|x86 = Release|x86
		Release|Xbox 360 = Release|Xbox 360
	EndGlobalSection
	GlobalSection(ProjectConfigurationPlatforms) = postSolution
		{2A80977F-3B6C-4E49-BAD1-99C17F34D39C}.Debug|Mixed Platforms.ActiveCfg = Debug|Xbox 360
		{2A80977F-3B6C-4E49-BAD1-99C17F34D39C}.Debug|Mixed Platforms.Build.0 = Debug|Xbox 360
		{2A80977F-3B6C-4E49-BAD1-99C17F34D39C}.Debug|x86.ActiveCfg = Debug|Xbox 360
		{2A80977F-3B6C-4E49-BAD1-99C17F34D39C}.Debug|Xbox 360.ActiveCfg = Debug|Xbox 360
		{2A80977F-3B6C-4E49-BAD1-99C17F34D39C}.Debug|Xbox 360.Build.0 = Debug|Xbox 360
		{2A80977F-3B6C-4E49-BAD1-99C17F34D39C}.Release|Mixed Platforms.ActiveCfg = Release|Xbox 360
		{2A80977F-3B6C-4E49-BAD1-99C17F34D39C}.Release|Mixed Platforms.Build.0 = Release|Xbox 360
		{2A80977F-3B6C-4E49-BAD1-99C17F34D39C}.Release|x86.ActiveCfg = Release|Xbox 360
		{2A80977F-3B6C-4E49-BAD1-99C17F34D39C}.Release|Xbox 360.ActiveCfg = Release|Xbox 360
		{2A80977F-3B6C-4E49-BAD1-99C17F34D39C}.Release|Xbox 360.Build.0 = Release|Xbox 360
		{2253907E-7175-4547-BB23-764AF5C29EF1}.Debug|Mixed Platforms.ActiveCfg = Debug|Xbox 360
		{2253907E-7175-4547-BB23-764AF5C29EF1}.Debug|x86.ActiveCfg = Debug|Xbox 360
		{2253907E-7175-4547-BB23-764AF5C29EF1}.Debug|Xbox 360.ActiveCfg = Debug|Xbox 360
		{2253907E-7175-4547-BB23-764AF5C29EF1}.Release|Mixed Platforms.ActiveCfg = Release|Xbox 360
		{2253907E-7175-4547-BB23-764AF5C29EF1}.Release|x86.ActiveCfg = Release|Xbox 360
		{2253907E-7175-4547-BB23-764AF5C29EF1}.Release|Xbox 360.ActiveCfg = Release|Xbox 360
		{F2D32F7E-4974-4472-97AC-FD63628B4BD2}.Debug|Mixed Platforms.ActiveCfg = Debug|x86
		{F2D32F7E-4974-4472-97AC-FD63628B4BD2}.Debug|Mixed Platforms.Build.0 = Debug|x86
		{F2D32F7E-4974-4472-97AC-FD63628B4BD2}.Debug|x86.ActiveCfg = Debug|x86
		{F2D32F7E-4974-4472-97AC-FD63628B4BD2}.Debug|x86.Build.0 = Debug|x86
		{F2D32F7E-4974-4472-97AC-FD63628B4BD2}.Debug|Xbox 360.ActiveCfg = Debug|x86
		{F2D32F7E-4974-4472-97AC-FD63628B4BD2}.Release|Mixed Platforms.ActiveCfg = Release|x86
		{F2D32F7E-4974-4472-97AC-FD63628B4BD2}.Release|Mixed Platforms.Build.0 = Release|x86
		{F2D32F7E-4974-4472-97AC-FD63628B4BD2}.Release|x86.ActiveCfg = Release|x86
		{F2D32F7E-4974-4472-97AC-FD63628B4BD2}.Release|x86.Build.0 = Release|x86
		{F2D32F7E-4974-4472-97AC-FD63628B4BD2}.Release|Xbox 360.ActiveCfg = Release|x86
	EndGlobalSection
	GlobalSection(SolutionProperties) = preSolution
		HideSolutionNode = FALSE
	EndGlobalSection
EndGlobal
